// !$*UTF8*$!
{
	archiveVersion = 1;
	classes = {
	};
	objectVersion = 45;
	objects = {

/* Begin PBXBuildFile section */
		481C929312F7577600AE33B1 /* TapStepDefinition.h in Headers */ = {isa = PBXBuildFile; fileRef = 481C929112F7577600AE33B1 /* TapStepDefinition.h */; };
		481C929412F7577600AE33B1 /* TapStepDefinition.m in Sources */ = {isa = PBXBuildFile; fileRef = 481C929212F7577600AE33B1 /* TapStepDefinition.m */; };
		D075CDAF12F0A9BF006DB214 /* AsyncSocket.h in Headers */ = {isa = PBXBuildFile; fileRef = D075CDAD12F0A9BF006DB214 /* AsyncSocket.h */; settings = {ATTRIBUTES = (Public, ); }; };
		D075CDB012F0A9BF006DB214 /* AsyncSocket.m in Sources */ = {isa = PBXBuildFile; fileRef = D075CDAE12F0A9BF006DB214 /* AsyncSocket.m */; };
		D075CDC912F0AA70006DB214 /* OBCServer.h in Headers */ = {isa = PBXBuildFile; fileRef = D075CDC712F0AA70006DB214 /* OBCServer.h */; settings = {ATTRIBUTES = (Public, ); }; };
		D075CDCA12F0AA70006DB214 /* OBCServer.m in Sources */ = {isa = PBXBuildFile; fileRef = D075CDC812F0AA70006DB214 /* OBCServer.m */; };
		D075CE1912F0B0BA006DB214 /* CFNetwork.framework in Frameworks */ = {isa = PBXBuildFile; fileRef = D075CE1812F0B0BA006DB214 /* CFNetwork.framework */; };
/* End PBXBuildFile section */

/* Begin PBXFileReference section */
		1D30AB110D05D00D00671497 /* Foundation.framework */ = {isa = PBXFileReference; lastKnownFileType = wrapper.framework; name = Foundation.framework; path = System/Library/Frameworks/Foundation.framework; sourceTree = SDKROOT; };
		1DF5F4DF0D08C38300B7A737 /* UIKit.framework */ = {isa = PBXFileReference; lastKnownFileType = wrapper.framework; name = UIKit.framework; path = System/Library/Frameworks/UIKit.framework; sourceTree = SDKROOT; };
		288765FC0DF74451002DB57D /* CoreGraphics.framework */ = {isa = PBXFileReference; lastKnownFileType = wrapper.framework; name = CoreGraphics.framework; path = System/Library/Frameworks/CoreGraphics.framework; sourceTree = SDKROOT; };
		32CA4F630368D1EE00C91783 /* objectiveCuke_Prefix.pch */ = {isa = PBXFileReference; fileEncoding = 4; lastKnownFileType = sourcecode.c.h; path = objectiveCuke_Prefix.pch; sourceTree = "<group>"; };
		481C929112F7577600AE33B1 /* TapStepDefinition.h */ = {isa = PBXFileReference; fileEncoding = 4; lastKnownFileType = sourcecode.c.h; path = TapStepDefinition.h; sourceTree = "<group>"; };
		481C929212F7577600AE33B1 /* TapStepDefinition.m */ = {isa = PBXFileReference; fileEncoding = 4; lastKnownFileType = sourcecode.c.objc; path = TapStepDefinition.m; sourceTree = "<group>"; };
		8D1107310486CEB800E47090 /* objectiveCuke-Info.plist */ = {isa = PBXFileReference; fileEncoding = 4; lastKnownFileType = text.plist.xml; path = "objectiveCuke-Info.plist"; plistStructureDefinitionIdentifier = "com.apple.xcode.plist.structure-definition.iphone.info-plist"; sourceTree = "<group>"; };
		D075CD1012F08B25006DB214 /* libObjectiveCuke.a */ = {isa = PBXFileReference; explicitFileType = archive.ar; includeInIndex = 0; path = libObjectiveCuke.a; sourceTree = BUILT_PRODUCTS_DIR; };
		D075CDAD12F0A9BF006DB214 /* AsyncSocket.h */ = {isa = PBXFileReference; fileEncoding = 4; lastKnownFileType = sourcecode.c.h; name = AsyncSocket.h; path = Classes/AsyncSocket.h; sourceTree = "<group>"; };
		D075CDAE12F0A9BF006DB214 /* AsyncSocket.m */ = {isa = PBXFileReference; fileEncoding = 4; lastKnownFileType = sourcecode.c.objc; name = AsyncSocket.m; path = Classes/AsyncSocket.m; sourceTree = "<group>"; };
		D075CDC712F0AA70006DB214 /* OBCServer.h */ = {isa = PBXFileReference; fileEncoding = 4; lastKnownFileType = sourcecode.c.h; name = OBCServer.h; path = Classes/OBCServer.h; sourceTree = "<group>"; };
		D075CDC812F0AA70006DB214 /* OBCServer.m */ = {isa = PBXFileReference; fileEncoding = 4; lastKnownFileType = sourcecode.c.objc; name = OBCServer.m; path = Classes/OBCServer.m; sourceTree = "<group>"; };
		D075CE1812F0B0BA006DB214 /* CFNetwork.framework */ = {isa = PBXFileReference; lastKnownFileType = wrapper.framework; name = CFNetwork.framework; path = System/Library/Frameworks/CFNetwork.framework; sourceTree = SDKROOT; };
/* End PBXFileReference section */

/* Begin PBXFrameworksBuildPhase section */
		D075CD0E12F08B25006DB214 /* Frameworks */ = {
			isa = PBXFrameworksBuildPhase;
			buildActionMask = 2147483647;
			files = (
				D075CE1912F0B0BA006DB214 /* CFNetwork.framework in Frameworks */,
			);
			runOnlyForDeploymentPostprocessing = 0;
		};
/* End PBXFrameworksBuildPhase section */

/* Begin PBXGroup section */
		19C28FACFE9D520D11CA2CBB /* Products */ = {
			isa = PBXGroup;
			children = (
				D075CD1012F08B25006DB214 /* libObjectiveCuke.a */,
			);
			name = Products;
			sourceTree = "<group>";
		};
		29B97314FDCFA39411CA2CEA /* CustomTemplate */ = {
			isa = PBXGroup;
			children = (
				481C928B12F753C600AE33B1 /* Classes */,
				481C928E12F7557100AE33B1 /* Resources */,
				32CA4F630368D1EE00C91783 /* objectiveCuke_Prefix.pch */,
				29B97323FDCFA39411CA2CEA /* Frameworks */,
				19C28FACFE9D520D11CA2CBB /* Products */,
			);
			name = CustomTemplate;
			sourceTree = "<group>";
		};
		29B97323FDCFA39411CA2CEA /* Frameworks */ = {
			isa = PBXGroup;
			children = (
				1DF5F4DF0D08C38300B7A737 /* UIKit.framework */,
				1D30AB110D05D00D00671497 /* Foundation.framework */,
				288765FC0DF74451002DB57D /* CoreGraphics.framework */,
				D075CE1812F0B0BA006DB214 /* CFNetwork.framework */,
			);
			name = Frameworks;
			sourceTree = "<group>";
		};
		481C928B12F753C600AE33B1 /* Classes */ = {
			isa = PBXGroup;
			children = (
				D075CDC712F0AA70006DB214 /* OBCServer.h */,
				D075CDC812F0AA70006DB214 /* OBCServer.m */,
				D075CDAD12F0A9BF006DB214 /* AsyncSocket.h */,
				D075CDAE12F0A9BF006DB214 /* AsyncSocket.m */,
				481C929112F7577600AE33B1 /* TapStepDefinition.h */,
				481C929212F7577600AE33B1 /* TapStepDefinition.m */,
			);
			name = Classes;
			sourceTree = "<group>";
		};
		481C928E12F7557100AE33B1 /* Resources */ = {
			isa = PBXGroup;
			children = (
				8D1107310486CEB800E47090 /* objectiveCuke-Info.plist */,
			);
			name = Resources;
			sourceTree = "<group>";
		};
/* End PBXGroup section */

/* Begin PBXHeadersBuildPhase section */
		D075CD0C12F08B25006DB214 /* Headers */ = {
			isa = PBXHeadersBuildPhase;
			buildActionMask = 2147483647;
			files = (
				D075CDAF12F0A9BF006DB214 /* AsyncSocket.h in Headers */,
				D075CDC912F0AA70006DB214 /* OBCServer.h in Headers */,
				481C929312F7577600AE33B1 /* TapStepDefinition.h in Headers */,
			);
			runOnlyForDeploymentPostprocessing = 0;
		};
/* End PBXHeadersBuildPhase section */

/* Begin PBXNativeTarget section */
		D075CD0F12F08B25006DB214 /* libObjectiveCuke */ = {
			isa = PBXNativeTarget;
			buildConfigurationList = D075CD1512F08B57006DB214 /* Build configuration list for PBXNativeTarget "libObjectiveCuke" */;
			buildPhases = (
				D075CD0C12F08B25006DB214 /* Headers */,
				D075CD0D12F08B25006DB214 /* Sources */,
				D075CD0E12F08B25006DB214 /* Frameworks */,
			);
			buildRules = (
			);
			dependencies = (
			);
			name = libObjectiveCuke;
			productName = libObjectiveCuke;
			productReference = D075CD1012F08B25006DB214 /* libObjectiveCuke.a */;
			productType = "com.apple.product-type.library.static";
		};
/* End PBXNativeTarget section */

/* Begin PBXProject section */
		29B97313FDCFA39411CA2CEA /* Project object */ = {
			isa = PBXProject;
			buildConfigurationList = C01FCF4E08A954540054247B /* Build configuration list for PBXProject "objectiveCuke" */;
			compatibilityVersion = "Xcode 3.1";
			developmentRegion = English;
			hasScannedForEncodings = 1;
			knownRegions = (
				English,
				Japanese,
				French,
				German,
			);
			mainGroup = 29B97314FDCFA39411CA2CEA /* CustomTemplate */;
			projectDirPath = "";
			projectRoot = "";
			targets = (
				D075CD0F12F08B25006DB214 /* libObjectiveCuke */,
			);
		};
/* End PBXProject section */

/* Begin PBXSourcesBuildPhase section */
		D075CD0D12F08B25006DB214 /* Sources */ = {
			isa = PBXSourcesBuildPhase;
			buildActionMask = 2147483647;
			files = (
				D075CDB012F0A9BF006DB214 /* AsyncSocket.m in Sources */,
				D075CDCA12F0AA70006DB214 /* OBCServer.m in Sources */,
				481C929412F7577600AE33B1 /* TapStepDefinition.m in Sources */,
			);
			runOnlyForDeploymentPostprocessing = 0;
		};
/* End PBXSourcesBuildPhase section */

/* Begin XCBuildConfiguration section */
		C01FCF4F08A954540054247B /* Debug */ = {
			isa = XCBuildConfiguration;
			buildSettings = {
				ARCHS = "$(ARCHS_STANDARD_32_BIT)";
				"CODE_SIGN_IDENTITY[sdk=iphoneos*]" = "iPhone Developer";
				GCC_C_LANGUAGE_STANDARD = c99;
				GCC_WARN_ABOUT_RETURN_TYPE = YES;
				GCC_WARN_UNUSED_VARIABLE = YES;
				PREBINDING = NO;
				PRODUCT_NAME = objectiveCuke;
				SDKROOT = iphoneos;
				TARGETED_DEVICE_FAMILY = "1,2";
			};
			name = Debug;
		};
		C01FCF5008A954540054247B /* Release */ = {
			isa = XCBuildConfiguration;
			buildSettings = {
				ARCHS = "$(ARCHS_STANDARD_32_BIT)";
				"CODE_SIGN_IDENTITY[sdk=iphoneos*]" = "iPhone Developer";
				GCC_C_LANGUAGE_STANDARD = c99;
				GCC_WARN_ABOUT_RETURN_TYPE = YES;
				GCC_WARN_UNUSED_VARIABLE = YES;
				OTHER_CFLAGS = "-DNS_BLOCK_ASSERTIONS=1";
				PREBINDING = NO;
				PRODUCT_NAME = objectiveCuke;
				SDKROOT = iphoneos;
				TARGETED_DEVICE_FAMILY = "1,2";
			};
			name = Release;
		};
		D075CD1112F08B26006DB214 /* Debug */ = {
			isa = XCBuildConfiguration;
			buildSettings = {
				ALWAYS_SEARCH_USER_PATHS = NO;
				COPY_PHASE_STRIP = NO;
				GCC_DYNAMIC_NO_PIC = NO;
				GCC_OPTIMIZATION_LEVEL = 0;
				PREBINDING = NO;
				PRODUCT_NAME = ObjectiveCuke;
				SDKROOT = iphoneos;
			};
			name = Debug;
		};
		D075CD1212F08B26006DB214 /* Release */ = {
			isa = XCBuildConfiguration;
			buildSettings = {
				ALWAYS_SEARCH_USER_PATHS = NO;
				COPY_PHASE_STRIP = YES;
				DEBUG_INFORMATION_FORMAT = "dwarf-with-dsym";
				GCC_ENABLE_FIX_AND_CONTINUE = NO;
				PREBINDING = NO;
				PRODUCT_NAME = ObjectiveCuke;
				SDKROOT = iphoneos;
				ZERO_LINK = NO;
			};
			name = Release;
		};
/* End XCBuildConfiguration section */

/* Begin XCConfigurationList section */
		C01FCF4E08A954540054247B /* Build configuration list for PBXProject "objectiveCuke" */ = {
			isa = XCConfigurationList;
			buildConfigurations = (
				C01FCF4F08A954540054247B /* Debug */,
				C01FCF5008A954540054247B /* Release */,
			);
			defaultConfigurationIsVisible = 0;
			defaultConfigurationName = Release;
		};
		D075CD1512F08B57006DB214 /* Build configuration list for PBXNativeTarget "libObjectiveCuke" */ = {
			isa = XCConfigurationList;
			buildConfigurations = (
				D075CD1112F08B26006DB214 /* Debug */,
				D075CD1212F08B26006DB214 /* Release */,
			);
			defaultConfigurationIsVisible = 0;
			defaultConfigurationName = Release;
		};
/* End XCConfigurationList section */
	};
	rootObject = 29B97313FDCFA39411CA2CEA /* Project object */;
}
